
Microsoft Visual Studio Solution File, Format Version 12.00
# Visual Studio Version 16
VisualStudioVersion = 16.0.29728.190
MinimumVisualStudioVersion = 10.0.40219.1
Project("{FAE04EC0-301F-11D3-BF4B-00C04F79EFBC}") = "BackTest", "BackTest\BackTest.csproj", "{B8E46E07-1248-4542-9ABF-E6D2DDF6D7F3}"
EndProject
Project("{9A19103F-16F7-4668-BE54-9A1E7A4F7556}") = "HitBTC.Net", "HitBTC.Net\HitBTC.Net.csproj", "{D183EDA8-1B50-4D43-A443-4569C8178740}"
EndProject
Global
	GlobalSection(SolutionConfigurationPlatforms) = preSolution
		Debug|Any CPU = Debug|Any CPU
		Release|Any CPU = Release|Any CPU
	EndGlobalSection
	GlobalSection(ProjectConfigurationPlatforms) = postSolution
		{B8E46E07-1248-4542-9ABF-E6D2DDF6D7F3}.Debug|Any CPU.ActiveCfg = Debug|Any CPU
		{B8E46E07-1248-4542-9ABF-E6D2DDF6D7F3}.Debug|Any CPU.Build.0 = Debug|Any CPU
		{B8E46E07-1248-4542-9ABF-E6D2DDF6D7F3}.Release|Any CPU.ActiveCfg = Release|Any CPU
		{B8E46E07-1248-4542-9ABF-E6D2DDF6D7F3}.Release|Any CPU.Build.0 = Release|Any CPU
		{D183EDA8-1B50-4D43-A443-4569C8178740}.Debug|Any CPU.ActiveCfg = Debug|Any CPU
		{D183EDA8-1B50-4D43-A443-4569C8178740}.Debug|Any CPU.Build.0 = Debug|Any CPU
		{D183EDA8-1B50-4D43-A443-4569C8178740}.Release|Any CPU.ActiveCfg = Release|Any CPU
		{D183EDA8-1B50-4D43-A443-4569C8178740}.Release|Any CPU.Build.0 = Release|Any CPU
	EndGlobalSection
	GlobalSection(SolutionProperties) = preSolution
		HideSolutionNode = FALSE
	EndGlobalSection
	GlobalSection(ExtensibilityGlobals) = postSolution
		SolutionGuid = {5BCCB313-1BB7-4249-AEBF-7A96B3E0F1AF}
	EndGlobalSection
EndGlobal
